
Microsoft Visual Studio Solution File, Format Version 12.00
# Visual Studio 15
Project("{FAE04EC0-301F-11D3-BF4B-00C04F79EFBC}") = "Trabalho prático", "Trabalho prático.csproj", "{5899BB6D-B83B-6598-879A-4BA974C120B5}"
EndProject
Project("{FAE04EC0-301F-11D3-BF4B-00C04F79EFBC}") = "Trabalho prático.Plugins", "Trabalho prático.Plugins.csproj", "{44B093F0-782F-A135-CE45-E795516412AF}"
EndProject
Project("{FAE04EC0-301F-11D3-BF4B-00C04F79EFBC}") = "Trabalho prático.Editor.Plugins", "Trabalho prático.Editor.Plugins.csproj", "{E93B3D84-4E15-6236-0356-6CC673ECF31D}"
EndProject
Global
	GlobalSection(SolutionConfigurationPlatforms) = preSolution
		Debug|Any CPU = Debug|Any CPU
		Release|Any CPU = Release|Any CPU
	EndGlobalSection
	GlobalSection(ProjectConfigurationPlatforms) = postSolution
		{5899BB6D-B83B-6598-879A-4BA974C120B5}.Debug|Any CPU.ActiveCfg = Debug|Any CPU
		{5899BB6D-B83B-6598-879A-4BA974C120B5}.Debug|Any CPU.Build.0 = Debug|Any CPU
		{5899BB6D-B83B-6598-879A-4BA974C120B5}.Release|Any CPU.ActiveCfg = Release|Any CPU
		{5899BB6D-B83B-6598-879A-4BA974C120B5}.Release|Any CPU.Build.0 = Release|Any CPU
		{44B093F0-782F-A135-CE45-E795516412AF}.Debug|Any CPU.ActiveCfg = Debug|Any CPU
		{44B093F0-782F-A135-CE45-E795516412AF}.Debug|Any CPU.Build.0 = Debug|Any CPU
		{44B093F0-782F-A135-CE45-E795516412AF}.Release|Any CPU.ActiveCfg = Release|Any CPU
		{44B093F0-782F-A135-CE45-E795516412AF}.Release|Any CPU.Build.0 = Release|Any CPU
		{E93B3D84-4E15-6236-0356-6CC673ECF31D}.Debug|Any CPU.ActiveCfg = Debug|Any CPU
		{E93B3D84-4E15-6236-0356-6CC673ECF31D}.Debug|Any CPU.Build.0 = Debug|Any CPU
		{E93B3D84-4E15-6236-0356-6CC673ECF31D}.Release|Any CPU.ActiveCfg = Release|Any CPU
		{E93B3D84-4E15-6236-0356-6CC673ECF31D}.Release|Any CPU.Build.0 = Release|Any CPU
	EndGlobalSection
	GlobalSection(SolutionProperties) = preSolution
		HideSolutionNode = FALSE
	EndGlobalSection
EndGlobal
